// !$*UTF8*$!
{
	archiveVersion = 1;
	classes = {
	};
	objectVersion = 50;
	objects = {

/* Begin PBXBuildFile section */
		07F8129F21F37A3200524422 /* AppDelegate.swift in Sources */ = {isa = PBXBuildFile; fileRef = 07F8129E21F37A3200524422 /* AppDelegate.swift */; };
		07F812A121F37A3200524422 /* ViewController.swift in Sources */ = {isa = PBXBuildFile; fileRef = 07F812A021F37A3200524422 /* ViewController.swift */; };
		07F812A421F37A3200524422 /* Main.storyboard in Resources */ = {isa = PBXBuildFile; fileRef = 07F812A221F37A3200524422 /* Main.storyboard */; };
		07F812A721F37A3200524422 /* EcommerceApp.xcdatamodeld in Sources */ = {isa = PBXBuildFile; fileRef = 07F812A521F37A3200524422 /* EcommerceApp.xcdatamodeld */; };
		07F812A921F37A3400524422 /* Assets.xcassets in Resources */ = {isa = PBXBuildFile; fileRef = 07F812A821F37A3400524422 /* Assets.xcassets */; };
		07F812AC21F37A3400524422 /* LaunchScreen.storyboard in Resources */ = {isa = PBXBuildFile; fileRef = 07F812AA21F37A3400524422 /* LaunchScreen.storyboard */; };
		07F812BA21F37DF800524422 /* AppDelegate.swift in Sources */ = {isa = PBXBuildFile; fileRef = 07F812B921F37DF800524422 /* AppDelegate.swift */; };
		07F812BC21F37DF800524422 /* ViewController.swift in Sources */ = {isa = PBXBuildFile; fileRef = 07F812BB21F37DF800524422 /* ViewController.swift */; };
		07F812BF21F37DF800524422 /* Main.storyboard in Resources */ = {isa = PBXBuildFile; fileRef = 07F812BD21F37DF800524422 /* Main.storyboard */; };
		07F812C221F37DF800524422 /* AdminApp.xcdatamodeld in Sources */ = {isa = PBXBuildFile; fileRef = 07F812C021F37DF800524422 /* AdminApp.xcdatamodeld */; };
		07F812C721F37DF900524422 /* LaunchScreen.storyboard in Resources */ = {isa = PBXBuildFile; fileRef = 07F812C521F37DF900524422 /* LaunchScreen.storyboard */; };
		07F812CC21F37FD000524422 /* Assets.xcassets in Resources */ = {isa = PBXBuildFile; fileRef = 07F812A821F37A3400524422 /* Assets.xcassets */; };
/* End PBXBuildFile section */

/* Begin PBXFileReference section */
		07F8129B21F37A3200524422 /* EcommerceApp.app */ = {isa = PBXFileReference; explicitFileType = wrapper.application; includeInIndex = 0; path = EcommerceApp.app; sourceTree = BUILT_PRODUCTS_DIR; };
		07F8129E21F37A3200524422 /* AppDelegate.swift */ = {isa = PBXFileReference; lastKnownFileType = sourcecode.swift; path = AppDelegate.swift; sourceTree = "<group>"; };
		07F812A021F37A3200524422 /* ViewController.swift */ = {isa = PBXFileReference; lastKnownFileType = sourcecode.swift; path = ViewController.swift; sourceTree = "<group>"; };
		07F812A321F37A3200524422 /* Base */ = {isa = PBXFileReference; lastKnownFileType = file.storyboard; name = Base; path = Base.lproj/Main.storyboard; sourceTree = "<group>"; };
		07F812A621F37A3200524422 /* EcommerceApp.xcdatamodel */ = {isa = PBXFileReference; lastKnownFileType = wrapper.xcdatamodel; path = EcommerceApp.xcdatamodel; sourceTree = "<group>"; };
		07F812A821F37A3400524422 /* Assets.xcassets */ = {isa = PBXFileReference; lastKnownFileType = folder.assetcatalog; path = Assets.xcassets; sourceTree = "<group>"; };
		07F812AB21F37A3400524422 /* Base */ = {isa = PBXFileReference; lastKnownFileType = file.storyboard; name = Base; path = Base.lproj/LaunchScreen.storyboard; sourceTree = "<group>"; };
		07F812AD21F37A3400524422 /* Info.plist */ = {isa = PBXFileReference; lastKnownFileType = text.plist.xml; path = Info.plist; sourceTree = "<group>"; };
		07F812B721F37DF700524422 /* AdminApp.app */ = {isa = PBXFileReference; explicitFileType = wrapper.application; includeInIndex = 0; path = AdminApp.app; sourceTree = BUILT_PRODUCTS_DIR; };
		07F812B921F37DF800524422 /* AppDelegate.swift */ = {isa = PBXFileReference; lastKnownFileType = sourcecode.swift; path = AppDelegate.swift; sourceTree = "<group>"; };
		07F812BB21F37DF800524422 /* ViewController.swift */ = {isa = PBXFileReference; lastKnownFileType = sourcecode.swift; path = ViewController.swift; sourceTree = "<group>"; };
		07F812BE21F37DF800524422 /* Base */ = {isa = PBXFileReference; lastKnownFileType = file.storyboard; name = Base; path = Base.lproj/Main.storyboard; sourceTree = "<group>"; };
		07F812C121F37DF800524422 /* AdminApp.xcdatamodel */ = {isa = PBXFileReference; lastKnownFileType = wrapper.xcdatamodel; path = AdminApp.xcdatamodel; sourceTree = "<group>"; };
		07F812C621F37DF900524422 /* Base */ = {isa = PBXFileReference; lastKnownFileType = file.storyboard; name = Base; path = Base.lproj/LaunchScreen.storyboard; sourceTree = "<group>"; };
		07F812C821F37DF900524422 /* Info.plist */ = {isa = PBXFileReference; lastKnownFileType = text.plist.xml; path = Info.plist; sourceTree = "<group>"; };
/* End PBXFileReference section */

/* Begin PBXFrameworksBuildPhase section */
		07F8129821F37A3200524422 /* Frameworks */ = {
			isa = PBXFrameworksBuildPhase;
			buildActionMask = 2147483647;
			files = (
			);
			runOnlyForDeploymentPostprocessing = 0;
		};
		07F812B421F37DF700524422 /* Frameworks */ = {
			isa = PBXFrameworksBuildPhase;
			buildActionMask = 2147483647;
			files = (
			);
			runOnlyForDeploymentPostprocessing = 0;
		};
/* End PBXFrameworksBuildPhase section */

/* Begin PBXGroup section */
		07F8129221F37A3200524422 = {
			isa = PBXGroup;
			children = (
				07F812CE21F381E000524422 /* Shared */,
				07F8129D21F37A3200524422 /* EcommerceApp */,
				07F812B821F37DF800524422 /* AdminApp */,
				07F8129C21F37A3200524422 /* Products */,
			);
			sourceTree = "<group>";
		};
		07F8129C21F37A3200524422 /* Products */ = {
			isa = PBXGroup;
			children = (
				07F8129B21F37A3200524422 /* EcommerceApp.app */,
				07F812B721F37DF700524422 /* AdminApp.app */,
			);
			name = Products;
			sourceTree = "<group>";
		};
		07F8129D21F37A3200524422 /* EcommerceApp */ = {
			isa = PBXGroup;
			children = (
				07F8129E21F37A3200524422 /* AppDelegate.swift */,
				07F812A021F37A3200524422 /* ViewController.swift */,
				07F812A221F37A3200524422 /* Main.storyboard */,
				07F812AA21F37A3400524422 /* LaunchScreen.storyboard */,
				07F812AD21F37A3400524422 /* Info.plist */,
				07F812A521F37A3200524422 /* EcommerceApp.xcdatamodeld */,
			);
			path = EcommerceApp;
			sourceTree = "<group>";
		};
		07F812B821F37DF800524422 /* AdminApp */ = {
			isa = PBXGroup;
			children = (
				07F812B921F37DF800524422 /* AppDelegate.swift */,
				07F812BB21F37DF800524422 /* ViewController.swift */,
				07F812BD21F37DF800524422 /* Main.storyboard */,
				07F812C521F37DF900524422 /* LaunchScreen.storyboard */,
				07F812C821F37DF900524422 /* Info.plist */,
				07F812C021F37DF800524422 /* AdminApp.xcdatamodeld */,
			);
			path = AdminApp;
			sourceTree = "<group>";
		};
		07F812CE21F381E000524422 /* Shared */ = {
			isa = PBXGroup;
			children = (
				07F812A821F37A3400524422 /* Assets.xcassets */,
			);
			path = Shared;
			sourceTree = "<group>";
		};
/* End PBXGroup section */

/* Begin PBXNativeTarget section */
		07F8129A21F37A3200524422 /* EcommerceApp */ = {
			isa = PBXNativeTarget;
			buildConfigurationList = 07F812B021F37A3400524422 /* Build configuration list for PBXNativeTarget "EcommerceApp" */;
			buildPhases = (
				07F8129721F37A3200524422 /* Sources */,
				07F8129821F37A3200524422 /* Frameworks */,
				07F8129921F37A3200524422 /* Resources */,
			);
			buildRules = (
			);
			dependencies = (
			);
			name = EcommerceApp;
			productName = EcommerceApp;
			productReference = 07F8129B21F37A3200524422 /* EcommerceApp.app */;
			productType = "com.apple.product-type.application";
		};
		07F812B621F37DF700524422 /* AdminApp */ = {
			isa = PBXNativeTarget;
			buildConfigurationList = 07F812C921F37DF900524422 /* Build configuration list for PBXNativeTarget "AdminApp" */;
			buildPhases = (
				07F812B321F37DF700524422 /* Sources */,
				07F812B421F37DF700524422 /* Frameworks */,
				07F812B521F37DF700524422 /* Resources */,
			);
			buildRules = (
			);
			dependencies = (
			);
			name = AdminApp;
			productName = AdminApp;
			productReference = 07F812B721F37DF700524422 /* AdminApp.app */;
			productType = "com.apple.product-type.application";
		};
/* End PBXNativeTarget section */

/* Begin PBXProject section */
		07F8129321F37A3200524422 /* Project object */ = {
			isa = PBXProject;
			attributes = {
				LastSwiftUpdateCheck = 1010;
				LastUpgradeCheck = 1010;
				ORGANIZATIONNAME = "Qudsia Mehmood";
				TargetAttributes = {
					07F8129A21F37A3200524422 = {
						CreatedOnToolsVersion = 10.1;
					};
					07F812B621F37DF700524422 = {
						CreatedOnToolsVersion = 10.1;
					};
				};
			};
			buildConfigurationList = 07F8129621F37A3200524422 /* Build configuration list for PBXProject "EcommerceApp" */;
			compatibilityVersion = "Xcode 9.3";
			developmentRegion = en;
			hasScannedForEncodings = 0;
			knownRegions = (
				en,
				Base,
			);
			mainGroup = 07F8129221F37A3200524422;
			productRefGroup = 07F8129C21F37A3200524422 /* Products */;
			projectDirPath = "";
			projectRoot = "";
			targets = (
				07F8129A21F37A3200524422 /* EcommerceApp */,
				07F812B621F37DF700524422 /* AdminApp */,
			);
		};
/* End PBXProject section */

/* Begin PBXResourcesBuildPhase section */
		07F8129921F37A3200524422 /* Resources */ = {
			isa = PBXResourcesBuildPhase;
			buildActionMask = 2147483647;
			files = (
				07F812AC21F37A3400524422 /* LaunchScreen.storyboard in Resources */,
				07F812A921F37A3400524422 /* Assets.xcassets in Resources */,
				07F812A421F37A3200524422 /* Main.storyboard in Resources */,
			);
			runOnlyForDeploymentPostprocessing = 0;
		};
		07F812B521F37DF700524422 /* Resources */ = {
			isa = PBXResourcesBuildPhase;
			buildActionMask = 2147483647;
			files = (
				07F812C721F37DF900524422 /* LaunchScreen.storyboard in Resources */,
				07F812CC21F37FD000524422 /* Assets.xcassets in Resources */,
				07F812BF21F37DF800524422 /* Main.storyboard in Resources */,
			);
			runOnlyForDeploymentPostprocessing = 0;
		};
/* End PBXResourcesBuildPhase section */

/* Begin PBXSourcesBuildPhase section */
		07F8129721F37A3200524422 /* Sources */ = {
			isa = PBXSourcesBuildPhase;
			buildActionMask = 2147483647;
			files = (
				07F812A121F37A3200524422 /* ViewController.swift in Sources */,
				07F812A721F37A3200524422 /* EcommerceApp.xcdatamodeld in Sources */,
				07F8129F21F37A3200524422 /* AppDelegate.swift in Sources */,
			);
			runOnlyForDeploymentPostprocessing = 0;
		};
		07F812B321F37DF700524422 /* Sources */ = {
			isa = PBXSourcesBuildPhase;
			buildActionMask = 2147483647;
			files = (
				07F812BC21F37DF800524422 /* ViewController.swift in Sources */,
				07F812BA21F37DF800524422 /* AppDelegate.swift in Sources */,
				07F812C221F37DF800524422 /* AdminApp.xcdatamodeld in Sources */,
			);
			runOnlyForDeploymentPostprocessing = 0;
		};
/* End PBXSourcesBuildPhase section */

/* Begin PBXVariantGroup section */
		07F812A221F37A3200524422 /* Main.storyboard */ = {
			isa = PBXVariantGroup;
			children = (
				07F812A321F37A3200524422 /* Base */,
			);
			name = Main.storyboard;
			sourceTree = "<group>";
		};
		07F812AA21F37A3400524422 /* LaunchScreen.storyboard */ = {
			isa = PBXVariantGroup;
			children = (
				07F812AB21F37A3400524422 /* Base */,
			);
			name = LaunchScreen.storyboard;
			sourceTree = "<group>";
		};
		07F812BD21F37DF800524422 /* Main.storyboard */ = {
			isa = PBXVariantGroup;
			children = (
				07F812BE21F37DF800524422 /* Base */,
			);
			name = Main.storyboard;
			sourceTree = "<group>";
		};
		07F812C521F37DF900524422 /* LaunchScreen.storyboard */ = {
			isa = PBXVariantGroup;
			children = (
				07F812C621F37DF900524422 /* Base */,
			);
			name = LaunchScreen.storyboard;
			sourceTree = "<group>";
		};
/* End PBXVariantGroup section */

/* Begin XCBuildConfiguration section */
		07F812AE21F37A3400524422 /* Debug */ = {
			isa = XCBuildConfiguration;
			buildSettings = {
				ALWAYS_SEARCH_USER_PATHS = NO;
				CLANG_ANALYZER_NONNULL = YES;
				CLANG_ANALYZER_NUMBER_OBJECT_CONVERSION = YES_AGGRESSIVE;
				CLANG_CXX_LANGUAGE_STANDARD = "gnu++14";
				CLANG_CXX_LIBRARY = "libc++";
				CLANG_ENABLE_MODULES = YES;
				CLANG_ENABLE_OBJC_ARC = YES;
				CLANG_ENABLE_OBJC_WEAK = YES;
				CLANG_WARN_BLOCK_CAPTURE_AUTORELEASING = YES;
				CLANG_WARN_BOOL_CONVERSION = YES;
				CLANG_WARN_COMMA = YES;
				CLANG_WARN_CONSTANT_CONVERSION = YES;
				CLANG_WARN_DEPRECATED_OBJC_IMPLEMENTATIONS = YES;
				CLANG_WARN_DIRECT_OBJC_ISA_USAGE = YES_ERROR;
				CLANG_WARN_DOCUMENTATION_COMMENTS = YES;
				CLANG_WARN_EMPTY_BODY = YES;
				CLANG_WARN_ENUM_CONVERSION = YES;
				CLANG_WARN_INFINITE_RECURSION = YES;
				CLANG_WARN_INT_CONVERSION = YES;
				CLANG_WARN_NON_LITERAL_NULL_CONVERSION = YES;
				CLANG_WARN_OBJC_IMPLICIT_RETAIN_SELF = YES;
				CLANG_WARN_OBJC_LITERAL_CONVERSION = YES;
				CLANG_WARN_OBJC_ROOT_CLASS = YES_ERROR;
				CLANG_WARN_RANGE_LOOP_ANALYSIS = YES;
				CLANG_WARN_STRICT_PROTOTYPES = YES;
				CLANG_WARN_SUSPICIOUS_MOVE = YES;
				CLANG_WARN_UNGUARDED_AVAILABILITY = YES_AGGRESSIVE;
				CLANG_WARN_UNREACHABLE_CODE = YES;
				CLANG_WARN__DUPLICATE_METHOD_MATCH = YES;
				CODE_SIGN_IDENTITY = "iPhone Developer";
				COPY_PHASE_STRIP = NO;
				DEBUG_INFORMATION_FORMAT = dwarf;
				ENABLE_STRICT_OBJC_MSGSEND = YES;
				ENABLE_TESTABILITY = YES;
				GCC_C_LANGUAGE_STANDARD = gnu11;
				GCC_DYNAMIC_NO_PIC = NO;
				GCC_NO_COMMON_BLOCKS = YES;
				GCC_OPTIMIZATION_LEVEL = 0;
				GCC_PREPROCESSOR_DEFINITIONS = (
					"DEBUG=1",
					"$(inherited)",
				);
				GCC_WARN_64_TO_32_BIT_CONVERSION = YES;
				GCC_WARN_ABOUT_RETURN_TYPE = YES_ERROR;
				GCC_WARN_UNDECLARED_SELECTOR = YES;
				GCC_WARN_UNINITIALIZED_AUTOS = YES_AGGRESSIVE;
				GCC_WARN_UNUSED_FUNCTION = YES;
				GCC_WARN_UNUSED_VARIABLE = YES;
				IPHONEOS_DEPLOYMENT_TARGET = 12.1;
				MTL_ENABLE_DEBUG_INFO = INCLUDE_SOURCE;
				MTL_FAST_MATH = YES;
				ONLY_ACTIVE_ARCH = YES;
				SDKROOT = iphoneos;
				SWIFT_ACTIVE_COMPILATION_CONDITIONS = DEBUG;
				SWIFT_OPTIMIZATION_LEVEL = "-Onone";
			};
			name = Debug;
		};
		07F812AF21F37A3400524422 /* Release */ = {
			isa = XCBuildConfiguration;
			buildSettings = {
				ALWAYS_SEARCH_USER_PATHS = NO;
				CLANG_ANALYZER_NONNULL = YES;
				CLANG_ANALYZER_NUMBER_OBJECT_CONVERSION = YES_AGGRESSIVE;
				CLANG_CXX_LANGUAGE_STANDARD = "gnu++14";
				CLANG_CXX_LIBRARY = "libc++";
				CLANG_ENABLE_MODULES = YES;
				CLANG_ENABLE_OBJC_ARC = YES;
				CLANG_ENABLE_OBJC_WEAK = YES;
				CLANG_WARN_BLOCK_CAPTURE_AUTORELEASING = YES;
				CLANG_WARN_BOOL_CONVERSION = YES;
				CLANG_WARN_COMMA = YES;
				CLANG_WARN_CONSTANT_CONVERSION = YES;
				CLANG_WARN_DEPRECATED_OBJC_IMPLEMENTATIONS = YES;
				CLANG_WARN_DIRECT_OBJC_ISA_USAGE = YES_ERROR;
				CLANG_WARN_DOCUMENTATION_COMMENTS = YES;
				CLANG_WARN_EMPTY_BODY = YES;
				CLANG_WARN_ENUM_CONVERSION = YES;
				CLANG_WARN_INFINITE_RECURSION = YES;
				CLANG_WARN_INT_CONVERSION = YES;
				CLANG_WARN_NON_LITERAL_NULL_CONVERSION = YES;
				CLANG_WARN_OBJC_IMPLICIT_RETAIN_SELF = YES;
				CLANG_WARN_OBJC_LITERAL_CONVERSION = YES;
				CLANG_WARN_OBJC_ROOT_CLASS = YES_ERROR;
				CLANG_WARN_RANGE_LOOP_ANALYSIS = YES;
				CLANG_WARN_STRICT_PROTOTYPES = YES;
				CLANG_WARN_SUSPICIOUS_MOVE = YES;
				CLANG_WARN_UNGUARDED_AVAILABILITY = YES_AGGRESSIVE;
				CLANG_WARN_UNREACHABLE_CODE = YES;
				CLANG_WARN__DUPLICATE_METHOD_MATCH = YES;
				CODE_SIGN_IDENTITY = "iPhone Developer";
				COPY_PHASE_STRIP = NO;
				DEBUG_INFORMATION_FORMAT = "dwarf-with-dsym";
				ENABLE_NS_ASSERTIONS = NO;
				ENABLE_STRICT_OBJC_MSGSEND = YES;
				GCC_C_LANGUAGE_STANDARD = gnu11;
				GCC_NO_COMMON_BLOCKS = YES;
				GCC_WARN_64_TO_32_BIT_CONVERSION = YES;
				GCC_WARN_ABOUT_RETURN_TYPE = YES_ERROR;
				GCC_WARN_UNDECLARED_SELECTOR = YES;
				GCC_WARN_UNINITIALIZED_AUTOS = YES_AGGRESSIVE;
				GCC_WARN_UNUSED_FUNCTION = YES;
				GCC_WARN_UNUSED_VARIABLE = YES;
				IPHONEOS_DEPLOYMENT_TARGET = 12.1;
				MTL_ENABLE_DEBUG_INFO = NO;
				MTL_FAST_MATH = YES;
				SDKROOT = iphoneos;
				SWIFT_COMPILATION_MODE = wholemodule;
				SWIFT_OPTIMIZATION_LEVEL = "-O";
				VALIDATE_PRODUCT = YES;
			};
			name = Release;
		};
		07F812B121F37A3400524422 /* Debug */ = {
			isa = XCBuildConfiguration;
			buildSettings = {
				ASSETCATALOG_COMPILER_APPICON_NAME = AppIcon;
				CODE_SIGN_STYLE = Automatic;
				DEVELOPMENT_TEAM = 833SH9MTL8;
				INFOPLIST_FILE = EcommerceApp/Info.plist;
				LD_RUNPATH_SEARCH_PATHS = (
					"$(inherited)",
					"@executable_path/Frameworks",
				);
				PRODUCT_BUNDLE_IDENTIFIER = qudsia.EcommerceApp;
				PRODUCT_NAME = "$(TARGET_NAME)";
				SWIFT_VERSION = 4.2;
				TARGETED_DEVICE_FAMILY = "1,2";
			};
			name = Debug;
		};
		07F812B221F37A3400524422 /* Release */ = {
			isa = XCBuildConfiguration;
			buildSettings = {
				ASSETCATALOG_COMPILER_APPICON_NAME = AppIcon;
				CODE_SIGN_STYLE = Automatic;
				DEVELOPMENT_TEAM = 833SH9MTL8;
				INFOPLIST_FILE = EcommerceApp/Info.plist;
				LD_RUNPATH_SEARCH_PATHS = (
					"$(inherited)",
					"@executable_path/Frameworks",
				);
				PRODUCT_BUNDLE_IDENTIFIER = qudsia.EcommerceApp;
				PRODUCT_NAME = "$(TARGET_NAME)";
				SWIFT_VERSION = 4.2;
				TARGETED_DEVICE_FAMILY = "1,2";
			};
			name = Release;
		};
		07F812CA21F37DF900524422 /* Debug */ = {
			isa = XCBuildConfiguration;
			buildSettings = {
				ASSETCATALOG_COMPILER_APPICON_NAME = AppIcon;
				CODE_SIGN_STYLE = Automatic;
				INFOPLIST_FILE = AdminApp/Info.plist;
				LD_RUNPATH_SEARCH_PATHS = (
					"$(inherited)",
					"@executable_path/Frameworks",
				);
				PRODUCT_BUNDLE_IDENTIFIER = qudsia.AdminApp;
				PRODUCT_NAME = "$(TARGET_NAME)";
				SWIFT_VERSION = 4.2;
				TARGETED_DEVICE_FAMILY = "1,2";
			};
			name = Debug;
		};
		07F812CB21F37DF900524422 /* Release */ = {
			isa = XCBuildConfiguration;
			buildSettings = {
				ASSETCATALOG_COMPILER_APPICON_NAME = AppIcon;
				CODE_SIGN_STYLE = Automatic;
				INFOPLIST_FILE = AdminApp/Info.plist;
				LD_RUNPATH_SEARCH_PATHS = (
					"$(inherited)",
					"@executable_path/Frameworks",
				);
				PRODUCT_BUNDLE_IDENTIFIER = qudsia.AdminApp;
				PRODUCT_NAME = "$(TARGET_NAME)";
				SWIFT_VERSION = 4.2;
				TARGETED_DEVICE_FAMILY = "1,2";
			};
			name = Release;
		};
/* End XCBuildConfiguration section */

/* Begin XCConfigurationList section */
		07F8129621F37A3200524422 /* Build configuration list for PBXProject "EcommerceApp" */ = {
			isa = XCConfigurationList;
			buildConfigurations = (
				07F812AE21F37A3400524422 /* Debug */,
				07F812AF21F37A3400524422 /* Release */,
			);
			defaultConfigurationIsVisible = 0;
			defaultConfigurationName = Release;
		};
		07F812B021F37A3400524422 /* Build configuration list for PBXNativeTarget "EcommerceApp" */ = {
			isa = XCConfigurationList;
			buildConfigurations = (
				07F812B121F37A3400524422 /* Debug */,
				07F812B221F37A3400524422 /* Release */,
			);
			defaultConfigurationIsVisible = 0;
			defaultConfigurationName = Release;
		};
		07F812C921F37DF900524422 /* Build configuration list for PBXNativeTarget "AdminApp" */ = {
			isa = XCConfigurationList;
			buildConfigurations = (
				07F812CA21F37DF900524422 /* Debug */,
				07F812CB21F37DF900524422 /* Release */,
			);
			defaultConfigurationIsVisible = 0;
			defaultConfigurationName = Release;
		};
/* End XCConfigurationList section */

/* Begin XCVersionGroup section */
		07F812A521F37A3200524422 /* EcommerceApp.xcdatamodeld */ = {
			isa = XCVersionGroup;
			children = (
				07F812A621F37A3200524422 /* EcommerceApp.xcdatamodel */,
			);
			currentVersion = 07F812A621F37A3200524422 /* EcommerceApp.xcdatamodel */;
			path = EcommerceApp.xcdatamodeld;
			sourceTree = "<group>";
			versionGroupType = wrapper.xcdatamodel;
		};
		07F812C021F37DF800524422 /* AdminApp.xcdatamodeld */ = {
			isa = XCVersionGroup;
			children = (
				07F812C121F37DF800524422 /* AdminApp.xcdatamodel */,
			);
			currentVersion = 07F812C121F37DF800524422 /* AdminApp.xcdatamodel */;
			path = AdminApp.xcdatamodeld;
			sourceTree = "<group>";
			versionGroupType = wrapper.xcdatamodel;
		};
/* End XCVersionGroup section */
	};
	rootObject = 07F8129321F37A3200524422 /* Project object */;
}
